
Microsoft Visual Studio Solution File, Format Version 12.00
# Visual Studio Version 17
VisualStudioVersion = 17.11.35222.181
MinimumVisualStudioVersion = 10.0.40219.1
Project("{9A19103F-16F7-4668-BE54-9A1E7A4F7556}") = "Fonts.Meta", "Fonts.Meta\Fonts.Meta.csproj", "{ABB6D76F-4BC8-4F74-AF1A-58F4E44A76CD}"
EndProject
Global
	GlobalSection(SolutionConfigurationPlatforms) = preSolution
		Debug|Any CPU = Debug|Any CPU
		Release|Any CPU = Release|Any CPU
	EndGlobalSection
	GlobalSection(ProjectConfigurationPlatforms) = postSolution
		{ABB6D76F-4BC8-4F74-AF1A-58F4E44A76CD}.Debug|Any CPU.ActiveCfg = Debug|Any CPU
		{ABB6D76F-4BC8-4F74-AF1A-58F4E44A76CD}.Debug|Any CPU.Build.0 = Debug|Any CPU
		{ABB6D76F-4BC8-4F74-AF1A-58F4E44A76CD}.Release|Any CPU.ActiveCfg = Release|Any CPU
		{ABB6D76F-4BC8-4F74-AF1A-58F4E44A76CD}.Release|Any CPU.Build.0 = Release|Any CPU
	EndGlobalSection
	GlobalSection(SolutionProperties) = preSolution
		HideSolutionNode = FALSE
	EndGlobalSection
	GlobalSection(ExtensibilityGlobals) = postSolution
		SolutionGuid = {057F79C4-09ED-4B88-884E-448DF403AF9D}
	EndGlobalSection
EndGlobal
